# THIS IS AN AUTOGENERATED FILE. DO NOT EDIT THIS FILE DIRECTLY.
assets/app.js.liquid:
  development: 2018-05-24T17:16:23+08:00   f72224adcbe56d18d3691b48532d90e1
assets/banner_1.jpg:
  development: 2018-05-23T17:33:31+08:00   ee18e70e384931d9c8197850bc12b480
assets/banner_2.jpg:
  development: 2018-05-23T17:33:31+08:00   b4d18fa912189b4caf5ed738253deee2
assets/banner_3.jpg:
  development: 2018-05-23T17:33:32+08:00   317033be11c4cc2997f1c56c9acd2813
assets/banner_4.jpg:
  development: 2018-05-23T17:33:32+08:00   91c9deb36b7f9ab581b89e98ab057102
assets/banner_5.jpg:
  development: 2018-05-23T17:33:33+08:00   6c7586517ca101fbd3c89cb3e0334f31
assets/blank.gif:
  development: 2018-05-23T17:33:33+08:00   325472601571f31e1bf00674c368d335
assets/collection_banner.jpg:
  development: 2018-05-23T17:33:33+08:00   3665187e5e79d5eabd0c4f523396076f
assets/contact_banner.jpg:
  development: 2018-05-23T17:33:33+08:00   eada7c46f002bfa68441f291b5e81363
assets/favicon.png:
  development: 2018-05-23T17:33:34+08:00   ebe02221fac847eaee7a4a35e8f878e6
assets/feature1.jpg:
  development: 2018-05-23T17:33:34+08:00   b1ae9b57d53754b05a62264942f650bb
assets/feature2.jpg:
  development: 2018-05-23T17:33:34+08:00   d879e87559e12d4166faab9cfdb625ea
assets/feature3.jpg:
  development: 2018-05-23T17:33:34+08:00   b92f11d044e1d009efaa91476e1059b5
assets/feature4.jpg:
  development: 2018-05-23T17:33:35+08:00   23732bcf7639fd1cf8224f093c6739c7
assets/feature5.jpg:
  development: 2018-05-23T17:33:35+08:00   7f668eee7e8f40e26e0b779f51d785fa
assets/feature6.jpg:
  development: 2018-05-23T17:33:35+08:00   f4ea1033360b09b841716aeb317710dc
assets/feature7.jpg:
  development: 2018-05-23T17:33:35+08:00   48b2107db38f90e0d647379689012304
assets/feature8.jpg:
  development: 2018-05-23T17:33:35+08:00   22ecdfc56d2a363b3b9858ca019ce005
assets/footer_bg.jpg:
  development: 2018-05-23T17:33:36+08:00   e499b13b979f62602113ab766738fda8
assets/gift-card.scss.liquid:
  development: 2018-05-23T17:33:36+08:00   0f053b420a95d20a6d2ac9f7bba71fc6
assets/instantclick.min.js:
  development: 2018-05-23T17:33:36+08:00   f3a34f14d27ffe582930a7feacb526c2
assets/jquery.cart.min.js:
  development: 2018-05-23T17:33:36+08:00   9f895b5c4096dfa11c83d04d8f7c04f7
assets/jquery.currencies.min.js:
  development: 2018-05-23T17:33:36+08:00   5a667ef8e9c95cfba4e752373a2e6a4c
assets/jquery.min.js:
  development: 2018-05-23T17:33:36+08:00   f03e5a3bf534f4a738bc350631fd05bd
assets/loader.gif:
  development: 2018-05-23T17:33:37+08:00   83bf5a8710c6400b53a6bff5b6805f69
assets/loader2x.gif:
  development: 2018-05-23T17:33:37+08:00   e8da93f2c76336139e692ae3ad5ed635
assets/logo.png:
  development: 2018-05-23T17:33:37+08:00   678263cd8797cf2a1d1c4d5c328f4174
assets/logo_footer.png:
  development: 2018-05-23T17:33:37+08:00   0be56f0bccba19b8c0252ce806cf93ed
assets/logo_home.png:
  development: 2018-05-23T17:33:37+08:00   00db7bc5ef6a31488469640290d6f77c
assets/newsletter_bg.png:
  development: 2018-05-23T17:33:37+08:00   a6e29c4304b86732ac2bc2fe08b8d7cc
assets/newsletter_section_bg.png:
  development: 2018-05-23T17:33:38+08:00   51e6ea85674b7efdd05379ad5cf6b16f
assets/password-page-background.jpg:
  development: 2018-05-23T17:33:38+08:00   7dd4dbe94233e457a64954cd75112db9
assets/select.png:
  development: 2018-05-23T17:33:38+08:00   48a1e30c2e09039fca9c7867e3cb3162
assets/select_light.png:
  development: 2018-05-23T17:33:38+08:00   b7515440f8d81453fa8694dd4f78bd35
assets/slide1.jpg:
  development: 2018-05-23T17:33:39+08:00   91c9deb36b7f9ab581b89e98ab057102
assets/slide2.jpg:
  development: 2018-05-23T17:33:39+08:00   7547a816994e92a4b54a1b2617ace1e0
assets/slide3.jpg:
  development: 2018-05-23T17:33:39+08:00   6c7586517ca101fbd3c89cb3e0334f31
assets/slide4.jpg:
  development: 2018-05-23T17:33:40+08:00   6a2b2e35223178c47d397f4ff0eeb23d
assets/slideshow_1.jpg:
  development: 2018-05-23T17:33:40+08:00   e03e06493848bf81b66a2f11738a25a2
assets/socialshopwave-custom.css.liquid:
  development: 2018-05-23T17:33:40+08:00
assets/socialshopwave.css.liquid:
  development: 2018-05-23T17:33:40+08:00   27c82cfd659a3167ea7e962597e7b264
assets/soldout.png:
  development: 2018-05-23T17:33:40+08:00   6a7697db19e17aae7568e216c2b365af
assets/ssw-app.js.liquid:
  development: 2018-05-23T17:33:40+08:00   c230f63c90b1cfa1b6fb551924e6fdbd
assets/ssw-fontello.eot:
  development: 2018-05-23T17:33:41+08:00   6c68ba460de290d1d051f9cd3d63cab7
assets/ssw-fontello.svg:
  development: 2018-05-23T17:33:41+08:00   5357cdda0a328a886e8861c8d402845d
assets/ssw-fontello.ttf:
  development: 2018-05-23T17:33:41+08:00   eadc8888930d66e152f8bd6a58f39709
assets/ssw-fontello.woff:
  development: 2018-05-23T17:33:41+08:00   600725a7c7bf581ce529fcf4df7de54e
assets/ssw-libraries.js:
  development: 2018-05-23T17:33:41+08:00   680c2a048ad43f290068fecfa91300bd
assets/styles.scss.liquid:
  development: 2018-05-23T17:33:41+08:00   53675f4a18c0d4015bba091382302048
assets/turbo.eot:
  development: 2018-05-23T17:33:42+08:00   82e3ec9cc77712bde5b5eac0afe76730
assets/turbo.svg:
  development: 2018-05-23T17:33:42+08:00   78ceb05b4d224a94d3879d6153dec439
assets/turbo.ttf:
  development: 2018-05-23T17:33:42+08:00   4a400c490abf18cb0985bd7bbbbda94a
assets/turbo.woff:
  development: 2018-05-23T17:33:42+08:00   e997b954186a87eab9019d844dcc9854
assets/video_poster.jpg:
  development: 2018-05-23T17:33:42+08:00   bb8286ecd116ddbe7776fb0b8e3059aa
config/settings_data.json:
  development: 2018-05-24T15:27:24+08:00   546c561ee274d16ec536c95709004083
config/settings_schema.json:
  development: 2018-05-23T17:33:46+08:00   148128b8fe56ff787d1ceef29000f250
layout/theme.liquid:
  development: 2018-05-23T18:21:37+08:00   d37cd89a67a4af2e2a60268710f853b3
locales/de.json:
  development: 2018-05-23T17:33:43+08:00   3af1a4f11c95c9f469925e614d786626
locales/en.default.json:
  development: 2018-05-23T17:33:43+08:00   a083bd6b6f75437b958dc82c89472350
locales/es.json:
  development: 2018-05-23T17:33:43+08:00   09a09b611d1293ef0074257f743a8a40
locales/fr.json:
  development: 2018-05-23T17:33:43+08:00   d7802734a9b7c58b10621ede4acedac9
locales/pt-BR.json:
  development: 2018-05-23T17:33:43+08:00   c5a3dbd9a3eb8bcad78c204675edbc23
locales/pt-PT.json:
  development: 2018-05-23T17:33:43+08:00   1946547e35e864be00d59a717a895143
locales/zh-CN.json:
  development: 2018-05-23T17:33:43+08:00   662953094f008e151cb9b319bfb973e3
snippets/blog-sidebar.liquid:
  development: 2018-05-23T17:33:43+08:00   104ee79671d2bba992b277c0bda0d8fd
snippets/buyx-cart.liquid:
  development: 2018-05-24T17:08:05+08:00   ecc4ebbd6f32234e7d8338e06166864b
snippets/buyx-price-min.liquid:
  development: 2018-05-24T17:07:55+08:00   4778418718982df526faae53152de8c8
snippets/buyx-product.liquid:
  development: 2018-05-24T17:07:55+08:00   143c7e5afd490d2b41259f078bb25b85
snippets/cart-shipping-calculator.liquid:
  development: 2018-05-23T17:33:43+08:00   0c992312778319e39a2b74586e4ab0e6
snippets/cart-shipping-scripts.liquid:
  development: 2018-05-23T17:33:43+08:00   12e5f3078d91c2fcf1a5118213eecbd1
snippets/collection-listing.liquid:
  development: 2018-05-23T17:33:43+08:00   5ab9a553f1eaa3dab882b0f5bcc199dd
snippets/collection-loop.liquid:
  development: 2018-05-23T17:33:43+08:00   baba3e94d6f133f36e422880458fe63b
snippets/collection-swatch.liquid:
  development: 2018-05-23T17:33:43+08:00   3544f254d82094a8b2e87eb49b467f6f
snippets/currencies-switcher.liquid:
  development: 2018-05-23T17:33:43+08:00   a421123ab88e2257676698e928c5ec96
snippets/currencies.liquid:
  development: 2018-05-23T17:33:43+08:00   419e488ec5b8ebe088fa8385d748336c
snippets/custom-product-tabs.liquid:
  development: 2018-05-23T17:33:43+08:00   1ccbaab5ee6487f5a972112bcfb6fd68
snippets/homepage-banner.liquid:
  development: 2018-05-23T17:33:43+08:00   6951713422cb27f17490c339b65ff585
snippets/homepage-promotions.liquid:
  development: 2018-05-23T17:33:43+08:00   8fa5a4c6bb76a905ef66a57c37c969c0
snippets/homepage-slideshow.liquid:
  development: 2018-05-23T17:33:43+08:00   26774f4710c449e576727f466c74cd0e
snippets/homepage-video.liquid:
  development: 2018-05-23T17:33:43+08:00   f1dd4d0f92618131601b7059b054ae92
snippets/menu.liquid:
  development: 2018-05-23T17:33:43+08:00   5ca4c6e15fdd8ed1501ec7441dce4d5b
snippets/mobile-menu.liquid:
  development: 2018-05-23T17:33:44+08:00   0aeaaec55488f279ed68acf083100c4d
snippets/newsletter.liquid:
  development: 2018-05-23T17:33:44+08:00   c9532514e68202be726494ae49792b52
snippets/page-multi-column.liquid:
  development: 2018-05-23T17:33:44+08:00   38d2921aab7365802beefae5b9e526d6
snippets/pagination.liquid:
  development: 2018-05-23T17:33:44+08:00   75826d27e3a4aff9ef8ebe3570d7c882
snippets/popup-newsletter.liquid:
  development: 2018-05-23T17:33:44+08:00   184d2535d7c397ef27d0fcd977b552cf
snippets/popup-quick-shop.liquid:
  development: 2018-05-23T17:33:44+08:00   7f8aad5c3173984e98bbd7aada86f878
snippets/popup-size-chart.liquid:
  development: 2018-05-23T17:33:44+08:00   4157a09f30c3a737e4f5322f397c44db
snippets/product-details.liquid:
  development: 2018-05-23T17:33:44+08:00   ccef27789382f5e516a10b5b70b42c4d
snippets/product-form.liquid:
  development: 2018-05-23T17:33:44+08:00   c5d0482eda7656dd62f0cf63d062ca65
snippets/product-full.liquid:
  development: 2018-05-23T17:33:44+08:00   3251472631bc75ee6ff0be6cce436350
snippets/product-images.liquid:
  development: 2018-05-23T20:14:48+08:00   49015a1d3ae61bb97b90683470e6fe33
snippets/product-info.liquid:
  development: 2018-05-23T17:33:44+08:00   b3905d4a5cd976ebf5adb34adf041a4e
snippets/product-loop.liquid:
  development: 2018-05-23T17:33:44+08:00   89fd3e261f26ce9543216efe4bd443db
snippets/product-notify-me.liquid:
  development: 2018-05-23T17:33:44+08:00   71808e79ddc15f0f08daefa9e20ea869
snippets/product-slider.liquid:
  development: 2018-05-23T17:33:44+08:00   4162f7882ffe256a8ce305deae838e98
snippets/product-swatch.liquid:
  development: 2018-05-23T17:33:44+08:00   9ed14be85fbfbd88b511fb0ff66acb7f
snippets/product-thumbnail.liquid:
  development: 2018-05-23T17:33:44+08:00   8d49c2cbbcada086501cabb655a8782c
snippets/quick-shop-button.liquid:
  development: 2018-05-23T17:33:44+08:00   f2f314154d5ba3dcbfb452738dfd60a0
snippets/related-products.liquid:
  development: 2018-05-23T17:33:44+08:00   d2248889fe517899a6ca55df6d89c16d
snippets/sidebar.liquid:
  development: 2018-05-23T17:33:44+08:00   d64fc134bb1a31fc03bc8dda3e23115d
snippets/social-buttons.liquid:
  development: 2018-05-23T17:33:44+08:00   2c41e3a569992dd4218f8407ceea4880
snippets/social-icons.liquid:
  development: 2018-05-23T17:33:44+08:00   f7db0f4d1a0d1fd5166f2eb2e91db4c6
snippets/social-meta-info.liquid:
  development: 2018-05-23T17:33:44+08:00   eae41b6511c52184e59bd7ed1f5850b8
snippets/socialshopwave-helper.liquid:
  development: 2018-05-23T17:33:44+08:00   f1351da1e91b0a71b4949f5725c3a734
snippets/ssw-helpers.liquid:
  development: 2018-05-23T17:33:44+08:00   2371bd54167bb0d3312e6382b852b17c
snippets/ssw-instagram-helper.liquid:
  development: 2018-05-23T17:33:44+08:00   7ac12dc927d7042736c35b4200449639
snippets/ssw-instagram-modal.liquid:
  development: 2018-05-23T17:33:44+08:00   5323d28dc5561c0a1ab681df16e5155a
snippets/ssw-instagram-photos.liquid:
  development: 2018-05-23T17:33:44+08:00   cb2a7316b185caf5eb424d6c9b1da109
snippets/ssw-langs.liquid:
  development: 2018-05-23T17:33:44+08:00   95d7bc8f884748fb36c39435ac8e9271
snippets/sub-menu.liquid:
  development: 2018-05-23T17:33:45+08:00   ac7905d6032e72b22f3b81e7d765da2c
templates/404.liquid:
  development: 2018-05-23T17:33:45+08:00   f3ac102361c1f750d4d30caa540dc8cb
templates/article.liquid:
  development: 2018-05-23T17:33:45+08:00   1b7394088733c95efc95b92bb6f1c04c
templates/blog.liquid:
  development: 2018-05-23T17:33:45+08:00   ccc217b361f78201b9a99e88440a2793
templates/cart.liquid:
  development: 2018-05-23T17:33:45+08:00   9deeda63eeda5f441c13b5d39577ae65
templates/collection.liquid:
  development: 2018-05-23T17:33:45+08:00   45e4ca969a00b217f6c698672294b23c
templates/collection.sub-collections.liquid:
  development: 2018-05-23T17:33:45+08:00   f90da7e56f9b928ef785fd791a48638e
templates/customers/account.liquid:
  development: 2018-05-23T17:33:45+08:00   0d51d1242a13afcdb91c5f1b46a2b1ba
templates/customers/activate_account.liquid:
  development: 2018-05-23T17:33:45+08:00   464f6116863e8cc477a407396b3c559e
templates/customers/addresses.liquid:
  development: 2018-05-23T17:33:45+08:00   a300cd84c4ac41cffdc0ccc0d6b1e963
templates/customers/login.liquid:
  development: 2018-05-23T17:33:45+08:00   cd9b28c6472b8c7d38f8a42de6427568
templates/customers/order.liquid:
  development: 2018-05-23T17:33:45+08:00   4341a8a672e93b1024956ba0a98aa4d8
templates/customers/register.liquid:
  development: 2018-05-23T17:33:45+08:00   77a86521e8e3611d5ccf9efa11c31b0f
templates/customers/reset_password.liquid:
  development: 2018-05-23T17:33:45+08:00   6e0e8a276b7ce4cb5d6431b264d0f774
templates/gift_card.liquid:
  development: 2018-05-23T17:33:45+08:00   a33a37a5bc7ad9bd94e201e357d5eac4
templates/index.liquid:
  development: 2018-05-23T17:33:45+08:00   dc16a211ab022ea7bdc24b7ec8430d43
templates/index.ssw-async.liquid:
  development: 2018-05-23T17:33:45+08:00   44b35c226fcae5b8e73f9a6b9987c04b
templates/page.contact.liquid:
  development: 2018-05-23T17:33:45+08:00   0e410faad4e110fb11a3a9d99e08a6f6
templates/page.gallery.liquid:
  development: 2018-05-23T17:33:45+08:00   f192a78ed4d177da7169b398f3aa4e69
templates/page.liquid:
  development: 2018-05-23T17:33:45+08:00   d673e4895f27aa24a34f1fe98d9953ff
templates/page.multi-column.liquid:
  development: 2018-05-23T17:33:45+08:00   7755df92227a6ba2eeb1ae79e0b4e070
templates/page.narrow.liquid:
  development: 2018-05-23T17:33:45+08:00   8507b8d3b5c60443d5b039ea6e6cbe0e
templates/page.no-title.liquid:
  development: 2018-05-23T17:33:45+08:00   1e8ce656012ebcd7e7b90a97f1da9bcc
templates/page.sidebar.liquid:
  development: 2018-05-23T17:33:45+08:00   6b235e3785da21ea741afea69b8ad327
templates/page.socialshopwave.liquid:
  development: 2018-05-23T17:33:46+08:00   84065d9a1e0f01c19af1fdf405119e77
templates/page.wide.liquid:
  development: 2018-05-23T17:33:46+08:00   861d025359ba1400de5c754f702164e9
templates/password.liquid:
  development: 2018-05-23T17:33:46+08:00   cbb02ef3a4c1be581b2159e6be62c7db
templates/product.description-bottom.liquid:
  development: 2018-05-23T17:33:46+08:00   070aac3eef6a6fc165aeafdd1443d83f
templates/product.full-width-images.liquid:
  development: 2018-05-23T17:33:46+08:00   c829ff03793afe53808e9b91d999501b
templates/product.liquid:
  development: 2018-05-23T17:33:46+08:00   1e432ba7aabe13e10dea49436f56a6bf
templates/product.product2.liquid:
  development: 2018-05-23T17:33:46+08:00   5290315e7513f4961fb9ceb28300d432
templates/search.liquid:
  development: 2018-05-23T17:33:46+08:00   f1552631bf61aa6c55d70668f12de2f7
